
Microsoft Visual Studio Solution File, Format Version 12.00
# Visual Studio Version 17
VisualStudioVersion = 17.0.31903.59
MinimumVisualStudioVersion = 10.0.40219.1
Project("{2150E333-8FDC-42A3-9474-1A3956D46DE8}") = "src", "src", "{7D64B4FA-7B17-4727-95AE-F2C1EE11D64D}"
EndProject
Project("{FAE04EC0-301F-11D3-BF4B-00C04F79EFBC}") = "FamilyHubs.ServiceDirectory.Admin.Core", "src\FamilyHubs.ServiceDirectory.Admin.Core\FamilyHubs.ServiceDirectory.Admin.Core.csproj", "{B1857034-1182-4899-A46B-AAB0DFE40589}"
EndProject
Project("{FAE04EC0-301F-11D3-BF4B-00C04F79EFBC}") = "FamilyHubs.ServiceDirectory.Admin.Web", "src\FamilyHubs.ServiceDirectory.Admin.Web\FamilyHubs.ServiceDirectory.Admin.Web.csproj", "{FEB08188-B1D3-4F77-916D-8B1A6ACB6266}"
EndProject
Global
	GlobalSection(SolutionConfigurationPlatforms) = preSolution
		Debug|Any CPU = Debug|Any CPU
		Release|Any CPU = Release|Any CPU
	EndGlobalSection
	GlobalSection(SolutionProperties) = preSolution
		HideSolutionNode = FALSE
	EndGlobalSection
	GlobalSection(ProjectConfigurationPlatforms) = postSolution
		{B1857034-1182-4899-A46B-AAB0DFE40589}.Debug|Any CPU.ActiveCfg = Debug|Any CPU
		{B1857034-1182-4899-A46B-AAB0DFE40589}.Debug|Any CPU.Build.0 = Debug|Any CPU
		{B1857034-1182-4899-A46B-AAB0DFE40589}.Release|Any CPU.ActiveCfg = Release|Any CPU
		{B1857034-1182-4899-A46B-AAB0DFE40589}.Release|Any CPU.Build.0 = Release|Any CPU
		{FEB08188-B1D3-4F77-916D-8B1A6ACB6266}.Debug|Any CPU.ActiveCfg = Debug|Any CPU
		{FEB08188-B1D3-4F77-916D-8B1A6ACB6266}.Debug|Any CPU.Build.0 = Debug|Any CPU
		{FEB08188-B1D3-4F77-916D-8B1A6ACB6266}.Release|Any CPU.ActiveCfg = Release|Any CPU
		{FEB08188-B1D3-4F77-916D-8B1A6ACB6266}.Release|Any CPU.Build.0 = Release|Any CPU
	EndGlobalSection
	GlobalSection(NestedProjects) = preSolution
		{B1857034-1182-4899-A46B-AAB0DFE40589} = {7D64B4FA-7B17-4727-95AE-F2C1EE11D64D}
		{FEB08188-B1D3-4F77-916D-8B1A6ACB6266} = {7D64B4FA-7B17-4727-95AE-F2C1EE11D64D}
	EndGlobalSection
EndGlobal
