
Microsoft Visual Studio Solution File, Format Version 12.00
# Visual Studio Version 17
VisualStudioVersion = 17.2.32630.192
MinimumVisualStudioVersion = 10.0.40219.1
Project("{9A19103F-16F7-4668-BE54-9A1E7A4F7556}") = "FamilyHubs.ServiceDirectoryAdminUi.Ui", "src\FamilyHubs.ServiceDirectoryAdminUi.Ui\FamilyHubs.ServiceDirectoryAdminUi.Ui.csproj", "{218D67D9-8CF1-4DE3-B9FD-D20432D51F9B}"
EndProject
Project("{2150E333-8FDC-42A3-9474-1A3956D46DE8}") = "src", "src", "{A61ED48C-CC8E-40D9-AB04-FBBABFD1EC3D}"
EndProject
Project("{2150E333-8FDC-42A3-9474-1A3956D46DE8}") = "Tests", "Tests", "{B92B5749-E549-4336-B4F7-0A6565F9B227}"
	ProjectSection(SolutionItems) = preProject
		Test\cypress.config.js = Test\cypress.config.js
		package.json = package.json
	EndProjectSection
EndProject
Project("{9A19103F-16F7-4668-BE54-9A1E7A4F7556}") = "FamilyHubs.ServiceDirectoryAdminUi.Ui.UnitTests", "Test\FamilyHubs.ServiceDirectoryAdminUi.Ui.UnitTests\FamilyHubs.ServiceDirectoryAdminUi.Ui.UnitTests.csproj", "{2FDD76A7-A214-4996-BFA3-C8DE8433B746}"
EndProject
Project("{2150E333-8FDC-42A3-9474-1A3956D46DE8}") = "cypress", "cypress", "{75DCD897-3F5B-4544-B2CD-33E2EEA601F0}"
EndProject
Project("{2150E333-8FDC-42A3-9474-1A3956D46DE8}") = "downloads", "downloads", "{3798A02F-2DEB-4648-B81C-83791C7A7064}"
EndProject
Project("{2150E333-8FDC-42A3-9474-1A3956D46DE8}") = "e2e", "e2e", "{4AC95E1D-1ACA-4BDA-BBC3-D29FDA41F788}"
	ProjectSection(SolutionItems) = preProject
		Test\cypress\e2e\addservice.feature = Test\cypress\e2e\addservice.feature
		Test\cypress\e2e\addservice.js = Test\cypress\e2e\addservice.js
		Test\cypress\e2e\checkservicedetails.feature = Test\cypress\e2e\checkservicedetails.feature
		Test\cypress\e2e\checkservicedetails.js = Test\cypress\e2e\checkservicedetails.js
		Test\cypress\e2e\homepage.feature = Test\cypress\e2e\homepage.feature
		Test\cypress\e2e\homepage.js = Test\cypress\e2e\homepage.js
		Test\cypress\e2e\manageservices.feature = Test\cypress\e2e\manageservices.feature
		Test\cypress\e2e\manageservices.js = Test\cypress\e2e\manageservices.js
	EndProjectSection
EndProject
Project("{2150E333-8FDC-42A3-9474-1A3956D46DE8}") = "support", "support", "{385026B2-9690-4085-9490-165C203C5EE3}"
	ProjectSection(SolutionItems) = preProject
		Test\cypress\support\commands.js = Test\cypress\support\commands.js
		Test\cypress\support\e2e.js = Test\cypress\support\e2e.js
		Test\cypress\support\pages.js = Test\cypress\support\pages.js
	EndProjectSection
EndProject
Global
	GlobalSection(SolutionConfigurationPlatforms) = preSolution
		Debug|Any CPU = Debug|Any CPU
		Release|Any CPU = Release|Any CPU
	EndGlobalSection
	GlobalSection(ProjectConfigurationPlatforms) = postSolution
		{218D67D9-8CF1-4DE3-B9FD-D20432D51F9B}.Debug|Any CPU.ActiveCfg = Debug|Any CPU
		{218D67D9-8CF1-4DE3-B9FD-D20432D51F9B}.Debug|Any CPU.Build.0 = Debug|Any CPU
		{218D67D9-8CF1-4DE3-B9FD-D20432D51F9B}.Release|Any CPU.ActiveCfg = Release|Any CPU
		{218D67D9-8CF1-4DE3-B9FD-D20432D51F9B}.Release|Any CPU.Build.0 = Release|Any CPU
		{2FDD76A7-A214-4996-BFA3-C8DE8433B746}.Debug|Any CPU.ActiveCfg = Debug|Any CPU
		{2FDD76A7-A214-4996-BFA3-C8DE8433B746}.Debug|Any CPU.Build.0 = Debug|Any CPU
		{2FDD76A7-A214-4996-BFA3-C8DE8433B746}.Release|Any CPU.ActiveCfg = Release|Any CPU
		{2FDD76A7-A214-4996-BFA3-C8DE8433B746}.Release|Any CPU.Build.0 = Release|Any CPU
	EndGlobalSection
	GlobalSection(SolutionProperties) = preSolution
		HideSolutionNode = FALSE
	EndGlobalSection
	GlobalSection(NestedProjects) = preSolution
		{218D67D9-8CF1-4DE3-B9FD-D20432D51F9B} = {A61ED48C-CC8E-40D9-AB04-FBBABFD1EC3D}
		{2FDD76A7-A214-4996-BFA3-C8DE8433B746} = {B92B5749-E549-4336-B4F7-0A6565F9B227}
		{75DCD897-3F5B-4544-B2CD-33E2EEA601F0} = {B92B5749-E549-4336-B4F7-0A6565F9B227}
		{3798A02F-2DEB-4648-B81C-83791C7A7064} = {75DCD897-3F5B-4544-B2CD-33E2EEA601F0}
		{4AC95E1D-1ACA-4BDA-BBC3-D29FDA41F788} = {75DCD897-3F5B-4544-B2CD-33E2EEA601F0}
		{385026B2-9690-4085-9490-165C203C5EE3} = {75DCD897-3F5B-4544-B2CD-33E2EEA601F0}
	EndGlobalSection
	GlobalSection(ExtensibilityGlobals) = postSolution
		SolutionGuid = {B4462E10-E73E-41FE-9CAC-FE47308CF9E2}
	EndGlobalSection
EndGlobal
